
Microsoft Visual Studio Solution File, Format Version 12.00
# Visual Studio 15
VisualStudioVersion = 15.0.26430.4
MinimumVisualStudioVersion = 10.0.40219.1
Project("{FAE04EC0-301F-11D3-BF4B-00C04F79EFBC}") = "HRS", "HRS\HRS.csproj", "{D6500943-5706-441B-A7E0-4290DE46996E}"
EndProject
Project("{FAE04EC0-301F-11D3-BF4B-00C04F79EFBC}") = "HRS.ConsoleHarness", "HRS.ConsoleHarness\HRS.ConsoleHarness.csproj", "{AF0F5ED0-B07C-4657-A39C-B5DC5FCEFF55}"
EndProject
Project("{FAE04EC0-301F-11D3-BF4B-00C04F79EFBC}") = "HRS.Types", "HRS.Types\HRS.Types.csproj", "{4BF2048C-6F46-48C5-9658-B71C83E1F315}"
EndProject
Project("{FAE04EC0-301F-11D3-BF4B-00C04F79EFBC}") = "HRS.DataAccessLayer", "HRS.DataAccessLayer\HRS.DataAccessLayer.csproj", "{4FBA1C73-48D2-46D3-89EA-10D0864C6674}"
EndProject
Project("{FAE04EC0-301F-11D3-BF4B-00C04F79EFBC}") = "HRS.Process", "HRS.Process\HRS.Process.csproj", "{F9B3F0D0-F775-42F5-938E-46FB4A4B7576}"
EndProject
Project("{FAE04EC0-301F-11D3-BF4B-00C04F79EFBC}") = "HRS.NunitTests", "HRS.NunitTests\HRS.NunitTests.csproj", "{703EE676-EA90-4AC6-AFB5-8B5FED820E76}"
EndProject
Global
	GlobalSection(SolutionConfigurationPlatforms) = preSolution
		Debug|Any CPU = Debug|Any CPU
		Release|Any CPU = Release|Any CPU
	EndGlobalSection
	GlobalSection(ProjectConfigurationPlatforms) = postSolution
		{D6500943-5706-441B-A7E0-4290DE46996E}.Debug|Any CPU.ActiveCfg = Debug|Any CPU
		{D6500943-5706-441B-A7E0-4290DE46996E}.Debug|Any CPU.Build.0 = Debug|Any CPU
		{D6500943-5706-441B-A7E0-4290DE46996E}.Release|Any CPU.ActiveCfg = Release|Any CPU
		{D6500943-5706-441B-A7E0-4290DE46996E}.Release|Any CPU.Build.0 = Release|Any CPU
		{AF0F5ED0-B07C-4657-A39C-B5DC5FCEFF55}.Debug|Any CPU.ActiveCfg = Debug|Any CPU
		{AF0F5ED0-B07C-4657-A39C-B5DC5FCEFF55}.Debug|Any CPU.Build.0 = Debug|Any CPU
		{AF0F5ED0-B07C-4657-A39C-B5DC5FCEFF55}.Release|Any CPU.ActiveCfg = Release|Any CPU
		{AF0F5ED0-B07C-4657-A39C-B5DC5FCEFF55}.Release|Any CPU.Build.0 = Release|Any CPU
		{4BF2048C-6F46-48C5-9658-B71C83E1F315}.Debug|Any CPU.ActiveCfg = Debug|Any CPU
		{4BF2048C-6F46-48C5-9658-B71C83E1F315}.Debug|Any CPU.Build.0 = Debug|Any CPU
		{4BF2048C-6F46-48C5-9658-B71C83E1F315}.Release|Any CPU.ActiveCfg = Release|Any CPU
		{4BF2048C-6F46-48C5-9658-B71C83E1F315}.Release|Any CPU.Build.0 = Release|Any CPU
		{4FBA1C73-48D2-46D3-89EA-10D0864C6674}.Debug|Any CPU.ActiveCfg = Debug|Any CPU
		{4FBA1C73-48D2-46D3-89EA-10D0864C6674}.Debug|Any CPU.Build.0 = Debug|Any CPU
		{4FBA1C73-48D2-46D3-89EA-10D0864C6674}.Release|Any CPU.ActiveCfg = Release|Any CPU
		{4FBA1C73-48D2-46D3-89EA-10D0864C6674}.Release|Any CPU.Build.0 = Release|Any CPU
		{F9B3F0D0-F775-42F5-938E-46FB4A4B7576}.Debug|Any CPU.ActiveCfg = Debug|Any CPU
		{F9B3F0D0-F775-42F5-938E-46FB4A4B7576}.Debug|Any CPU.Build.0 = Debug|Any CPU
		{F9B3F0D0-F775-42F5-938E-46FB4A4B7576}.Release|Any CPU.ActiveCfg = Release|Any CPU
		{F9B3F0D0-F775-42F5-938E-46FB4A4B7576}.Release|Any CPU.Build.0 = Release|Any CPU
		{703EE676-EA90-4AC6-AFB5-8B5FED820E76}.Debug|Any CPU.ActiveCfg = Debug|Any CPU
		{703EE676-EA90-4AC6-AFB5-8B5FED820E76}.Debug|Any CPU.Build.0 = Debug|Any CPU
		{703EE676-EA90-4AC6-AFB5-8B5FED820E76}.Release|Any CPU.ActiveCfg = Release|Any CPU
		{703EE676-EA90-4AC6-AFB5-8B5FED820E76}.Release|Any CPU.Build.0 = Release|Any CPU
	EndGlobalSection
	GlobalSection(SolutionProperties) = preSolution
		HideSolutionNode = FALSE
	EndGlobalSection
EndGlobal
